
Microsoft Visual Studio Solution File, Format Version 12.00
# Visual Studio Version 17
VisualStudioVersion = 17.0.32112.339
MinimumVisualStudioVersion = 10.0.40219.1
Project("{2150E333-8FDC-42A3-9474-1A3956D46DE8}") = "Solution Items", "Solution Items", "{2471716F-EF7B-4977-8C1C-DDCAC4BDDB42}"
	ProjectSection(SolutionItems) = preProject
		Directory.Build.props = Directory.Build.props
		Directory.Build.targets = Directory.Build.targets
		FlUnitIcon.pdn = FlUnitIcon.pdn
		FlUnitIcon.png = FlUnitIcon.png
	EndProjectSection
EndProject
Project("{9A19103F-16F7-4668-BE54-9A1E7A4F7556}") = "FlUnit.Abstractions", "FlUnit.Abstractions\FlUnit.Abstractions.csproj", "{C3EE9925-293C-4619-8252-A7232675B013}"
EndProject
Project("{2150E333-8FDC-42A3-9474-1A3956D46DE8}") = "Repo Items", "Repo Items", "{76F15B84-C77F-4EE0-A064-DE3A428DA113}"
	ProjectSection(SolutionItems) = preProject
		..\.gitattributes = ..\.gitattributes
		..\.gitignore = ..\.gitignore
		..\LICENSE.txt = ..\LICENSE.txt
		..\README.md = ..\README.md
		..\.github\workflows\PublishNuGetPackages.yml = ..\.github\workflows\PublishNuGetPackages.yml
		..\.github\workflows\ValidationBuild.yml = ..\.github\workflows\ValidationBuild.yml
	EndProjectSection
EndProject
Global
	GlobalSection(SolutionConfigurationPlatforms) = preSolution
		Debug|Any CPU = Debug|Any CPU
		Release|Any CPU = Release|Any CPU
	EndGlobalSection
	GlobalSection(ProjectConfigurationPlatforms) = postSolution
		{C3EE9925-293C-4619-8252-A7232675B013}.Debug|Any CPU.ActiveCfg = Debug|Any CPU
		{C3EE9925-293C-4619-8252-A7232675B013}.Debug|Any CPU.Build.0 = Debug|Any CPU
		{C3EE9925-293C-4619-8252-A7232675B013}.Release|Any CPU.ActiveCfg = Release|Any CPU
		{C3EE9925-293C-4619-8252-A7232675B013}.Release|Any CPU.Build.0 = Release|Any CPU
	EndGlobalSection
	GlobalSection(SolutionProperties) = preSolution
		HideSolutionNode = FALSE
	EndGlobalSection
	GlobalSection(ExtensibilityGlobals) = postSolution
		SolutionGuid = {18B90180-D302-4DD0-8BBE-869EE852C59D}
	EndGlobalSection
EndGlobal
